
Microsoft Visual Studio Solution File, Format Version 12.00
# Visual Studio 14
VisualStudioVersion = 14.0.25420.1
MinimumVisualStudioVersion = 10.0.40219.1
Project("{F184B08F-C81C-45F6-A57F-5ABD9991F28F}") = "XmlSerializerDemo", "XmlSerializerDemo\XmlSerializerDemo.vbproj", "{53E9C0C0-DE34-4BBE-A70F-02F8F8B62985}"
EndProject
Project("{FAE04EC0-301F-11D3-BF4B-00C04F79EFBC}") = "XmlSerializerCSDemo", "XmlSerializerCSDemo\XmlSerializerCSDemo.csproj", "{CAB14BBD-5177-40D8-906E-6B305838DA45}"
EndProject
Global
	GlobalSection(SolutionConfigurationPlatforms) = preSolution
		Debug|Any CPU = Debug|Any CPU
		Release|Any CPU = Release|Any CPU
	EndGlobalSection
	GlobalSection(ProjectConfigurationPlatforms) = postSolution
		{53E9C0C0-DE34-4BBE-A70F-02F8F8B62985}.Debug|Any CPU.ActiveCfg = Debug|Any CPU
		{53E9C0C0-DE34-4BBE-A70F-02F8F8B62985}.Debug|Any CPU.Build.0 = Debug|Any CPU
		{53E9C0C0-DE34-4BBE-A70F-02F8F8B62985}.Release|Any CPU.ActiveCfg = Release|Any CPU
		{53E9C0C0-DE34-4BBE-A70F-02F8F8B62985}.Release|Any CPU.Build.0 = Release|Any CPU
		{CAB14BBD-5177-40D8-906E-6B305838DA45}.Debug|Any CPU.ActiveCfg = Debug|Any CPU
		{CAB14BBD-5177-40D8-906E-6B305838DA45}.Debug|Any CPU.Build.0 = Debug|Any CPU
		{CAB14BBD-5177-40D8-906E-6B305838DA45}.Release|Any CPU.ActiveCfg = Release|Any CPU
		{CAB14BBD-5177-40D8-906E-6B305838DA45}.Release|Any CPU.Build.0 = Release|Any CPU
	EndGlobalSection
	GlobalSection(SolutionProperties) = preSolution
		HideSolutionNode = FALSE
	EndGlobalSection
EndGlobal
